Microsoft Visual Studio Solution File, Format Version 12.00
# Visual Studio Version 17
VisualStudioVersion = 17.5.2.0
MinimumVisualStudioVersion = 10.0.40219.1
Project("{FAE04EC0-301F-11D3-BF4B-00C04F79EFBC}") = "Financify", "Financify.csproj", "{99D0F9B2-E2AC-1B8D-2702-9CD7D00BAB66}"
EndProject
Global
	GlobalSection(SolutionConfigurationPlatforms) = preSolution
		Debug|Any CPU = Debug|Any CPU
		Release|Any CPU = Release|Any CPU
	EndGlobalSection
	GlobalSection(ProjectConfigurationPlatforms) = postSolution
		{99D0F9B2-E2AC-1B8D-2702-9CD7D00BAB66}.Debug|Any CPU.ActiveCfg = Debug|Any CPU
		{99D0F9B2-E2AC-1B8D-2702-9CD7D00BAB66}.Debug|Any CPU.Build.0 = Debug|Any CPU
		{99D0F9B2-E2AC-1B8D-2702-9CD7D00BAB66}.Release|Any CPU.ActiveCfg = Release|Any CPU
		{99D0F9B2-E2AC-1B8D-2702-9CD7D00BAB66}.Release|Any CPU.Build.0 = Release|Any CPU
	EndGlobalSection
	GlobalSection(SolutionProperties) = preSolution
		HideSolutionNode = FALSE
	EndGlobalSection
	GlobalSection(ExtensibilityGlobals) = postSolution
		SolutionGuid = {852EFC01-62E2-454A-8CCF-E98277AAD37E}
	EndGlobalSection
EndGlobal
